// !$*UTF8*$!
{
	archiveVersion = 1;
	classes = {
	};
	objectVersion = 50;
	objects = {

/* Begin PBXBuildFile section */
		FC33CC5E2375CE2600BC95D9 /* AppDelegate.swift in Sources */ = {isa = PBXBuildFile; fileRef = FC33CC5D2375CE2600BC95D9 /* AppDelegate.swift */; };
		FC33CC602375CE2600BC95D9 /* SceneDelegate.swift in Sources */ = {isa = PBXBuildFile; fileRef = FC33CC5F2375CE2600BC95D9 /* SceneDelegate.swift */; };
		FC33CC622375CE2600BC95D9 /* ViewController.swift in Sources */ = {isa = PBXBuildFile; fileRef = FC33CC612375CE2600BC95D9 /* ViewController.swift */; };
		FC33CC652375CE2600BC95D9 /* Main.storyboard in Resources */ = {isa = PBXBuildFile; fileRef = FC33CC632375CE2600BC95D9 /* Main.storyboard */; };
		FC33CC672375CE2800BC95D9 /* Assets.xcassets in Resources */ = {isa = PBXBuildFile; fileRef = FC33CC662375CE2800BC95D9 /* Assets.xcassets */; };
		FC33CC6A2375CE2800BC95D9 /* LaunchScreen.storyboard in Resources */ = {isa = PBXBuildFile; fileRef = FC33CC682375CE2800BC95D9 /* LaunchScreen.storyboard */; };
		FC33CC752375CE2900BC95D9 /* TestAppTests.swift in Sources */ = {isa = PBXBuildFile; fileRef = FC33CC742375CE2900BC95D9 /* TestAppTests.swift */; };
		FC33CC802375D18300BC95D9 /* TodoListPresenter.swift in Sources */ = {isa = PBXBuildFile; fileRef = FC33CC7F2375D18300BC95D9 /* TodoListPresenter.swift */; };
		FC33CC842375D4D300BC95D9 /* SectionData.swift in Sources */ = {isa = PBXBuildFile; fileRef = FC33CC832375D4D300BC95D9 /* SectionData.swift */; };
		FC33CC862375D4E100BC95D9 /* RowData.swift in Sources */ = {isa = PBXBuildFile; fileRef = FC33CC852375D4E100BC95D9 /* RowData.swift */; };
		FCEF824F2376930F008705F9 /* TodoCell.swift in Sources */ = {isa = PBXBuildFile; fileRef = FCEF824D2376930F008705F9 /* TodoCell.swift */; };
		FCEF82502376930F008705F9 /* TodoCell.xib in Resources */ = {isa = PBXBuildFile; fileRef = FCEF824E2376930F008705F9 /* TodoCell.xib */; };
		FCEF825223769415008705F9 /* TodoData.swift in Sources */ = {isa = PBXBuildFile; fileRef = FCEF825123769415008705F9 /* TodoData.swift */; };
		FCEF8254237695E7008705F9 /* CellContract.swift in Sources */ = {isa = PBXBuildFile; fileRef = FCEF8253237695E7008705F9 /* CellContract.swift */; };
		FCEF8256237699BF008705F9 /* SectionDataList.swift in Sources */ = {isa = PBXBuildFile; fileRef = FCEF8255237699BF008705F9 /* SectionDataList.swift */; };
/* End PBXBuildFile section */

/* Begin PBXContainerItemProxy section */
		FC33CC712375CE2900BC95D9 /* PBXContainerItemProxy */ = {
			isa = PBXContainerItemProxy;
			containerPortal = FC33CC522375CE2600BC95D9 /* Project object */;
			proxyType = 1;
			remoteGlobalIDString = FC33CC592375CE2600BC95D9;
			remoteInfo = TestApp;
		};
/* End PBXContainerItemProxy section */

/* Begin PBXFileReference section */
		FC33CC5A2375CE2600BC95D9 /* TestApp.app */ = {isa = PBXFileReference; explicitFileType = wrapper.application; includeInIndex = 0; path = TestApp.app; sourceTree = BUILT_PRODUCTS_DIR; };
		FC33CC5D2375CE2600BC95D9 /* AppDelegate.swift */ = {isa = PBXFileReference; lastKnownFileType = sourcecode.swift; path = AppDelegate.swift; sourceTree = "<group>"; };
		FC33CC5F2375CE2600BC95D9 /* SceneDelegate.swift */ = {isa = PBXFileReference; lastKnownFileType = sourcecode.swift; path = SceneDelegate.swift; sourceTree = "<group>"; };
		FC33CC612375CE2600BC95D9 /* ViewController.swift */ = {isa = PBXFileReference; lastKnownFileType = sourcecode.swift; path = ViewController.swift; sourceTree = "<group>"; };
		FC33CC642375CE2600BC95D9 /* Base */ = {isa = PBXFileReference; lastKnownFileType = file.storyboard; name = Base; path = Base.lproj/Main.storyboard; sourceTree = "<group>"; };
		FC33CC662375CE2800BC95D9 /* Assets.xcassets */ = {isa = PBXFileReference; lastKnownFileType = folder.assetcatalog; path = Assets.xcassets; sourceTree = "<group>"; };
		FC33CC692375CE2800BC95D9 /* Base */ = {isa = PBXFileReference; lastKnownFileType = file.storyboard; name = Base; path = Base.lproj/LaunchScreen.storyboard; sourceTree = "<group>"; };
		FC33CC6B2375CE2800BC95D9 /* Info.plist */ = {isa = PBXFileReference; lastKnownFileType = text.plist.xml; path = Info.plist; sourceTree = "<group>"; };
		FC33CC702375CE2900BC95D9 /* TestAppTests.xctest */ = {isa = PBXFileReference; explicitFileType = wrapper.cfbundle; includeInIndex = 0; path = TestAppTests.xctest; sourceTree = BUILT_PRODUCTS_DIR; };
		FC33CC742375CE2900BC95D9 /* TestAppTests.swift */ = {isa = PBXFileReference; lastKnownFileType = sourcecode.swift; path = TestAppTests.swift; sourceTree = "<group>"; };
		FC33CC762375CE2900BC95D9 /* Info.plist */ = {isa = PBXFileReference; lastKnownFileType = text.plist.xml; path = Info.plist; sourceTree = "<group>"; };
		FC33CC7F2375D18300BC95D9 /* TodoListPresenter.swift */ = {isa = PBXFileReference; lastKnownFileType = sourcecode.swift; path = TodoListPresenter.swift; sourceTree = "<group>"; };
		FC33CC832375D4D300BC95D9 /* SectionData.swift */ = {isa = PBXFileReference; lastKnownFileType = sourcecode.swift; path = SectionData.swift; sourceTree = "<group>"; };
		FC33CC852375D4E100BC95D9 /* RowData.swift */ = {isa = PBXFileReference; lastKnownFileType = sourcecode.swift; path = RowData.swift; sourceTree = "<group>"; };
		FCEF824D2376930F008705F9 /* TodoCell.swift */ = {isa = PBXFileReference; lastKnownFileType = sourcecode.swift; path = TodoCell.swift; sourceTree = "<group>"; };
		FCEF824E2376930F008705F9 /* TodoCell.xib */ = {isa = PBXFileReference; lastKnownFileType = file.xib; path = TodoCell.xib; sourceTree = "<group>"; };
		FCEF825123769415008705F9 /* TodoData.swift */ = {isa = PBXFileReference; lastKnownFileType = sourcecode.swift; path = TodoData.swift; sourceTree = "<group>"; };
		FCEF8253237695E7008705F9 /* CellContract.swift */ = {isa = PBXFileReference; lastKnownFileType = sourcecode.swift; path = CellContract.swift; sourceTree = "<group>"; };
		FCEF8255237699BF008705F9 /* SectionDataList.swift */ = {isa = PBXFileReference; lastKnownFileType = sourcecode.swift; path = SectionDataList.swift; sourceTree = "<group>"; };
/* End PBXFileReference section */

/* Begin PBXFrameworksBuildPhase section */
		FC33CC572375CE2600BC95D9 /* Frameworks */ = {
			isa = PBXFrameworksBuildPhase;
			buildActionMask = 2147483647;
			files = (
			);
			runOnlyForDeploymentPostprocessing = 0;
		};
		FC33CC6D2375CE2900BC95D9 /* Frameworks */ = {
			isa = PBXFrameworksBuildPhase;
			buildActionMask = 2147483647;
			files = (
			);
			runOnlyForDeploymentPostprocessing = 0;
		};
/* End PBXFrameworksBuildPhase section */

/* Begin PBXGroup section */
		FC33CC512375CE2600BC95D9 = {
			isa = PBXGroup;
			children = (
				FC33CC5C2375CE2600BC95D9 /* TestApp */,
				FC33CC732375CE2900BC95D9 /* TestAppTests */,
				FC33CC5B2375CE2600BC95D9 /* Products */,
			);
			sourceTree = "<group>";
		};
		FC33CC5B2375CE2600BC95D9 /* Products */ = {
			isa = PBXGroup;
			children = (
				FC33CC5A2375CE2600BC95D9 /* TestApp.app */,
				FC33CC702375CE2900BC95D9 /* TestAppTests.xctest */,
			);
			name = Products;
			sourceTree = "<group>";
		};
		FC33CC5C2375CE2600BC95D9 /* TestApp */ = {
			isa = PBXGroup;
			children = (
				FCEF825923769F08008705F9 /* View */,
				FCEF825C23769F48008705F9 /* model */,
				FCEF825A23769F25008705F9 /* Presenter */,
				FC33CC872375D56900BC95D9 /* Framework */,
				FC33CC5D2375CE2600BC95D9 /* AppDelegate.swift */,
				FC33CC5F2375CE2600BC95D9 /* SceneDelegate.swift */,
				FC33CC632375CE2600BC95D9 /* Main.storyboard */,
				FC33CC662375CE2800BC95D9 /* Assets.xcassets */,
				FC33CC682375CE2800BC95D9 /* LaunchScreen.storyboard */,
				FC33CC6B2375CE2800BC95D9 /* Info.plist */,
			);
			path = TestApp;
			sourceTree = "<group>";
		};
		FC33CC732375CE2900BC95D9 /* TestAppTests */ = {
			isa = PBXGroup;
			children = (
				FC33CC742375CE2900BC95D9 /* TestAppTests.swift */,
				FC33CC762375CE2900BC95D9 /* Info.plist */,
			);
			path = TestAppTests;
			sourceTree = "<group>";
		};
		FC33CC872375D56900BC95D9 /* Framework */ = {
			isa = PBXGroup;
			children = (
				FCEF825823769E31008705F9 /* Row */,
				FCEF825723769E1C008705F9 /* Section */,
				FCEF8253237695E7008705F9 /* CellContract.swift */,
			);
			path = Framework;
			sourceTree = "<group>";
		};
		FCEF825723769E1C008705F9 /* Section */ = {
			isa = PBXGroup;
			children = (
				FCEF8255237699BF008705F9 /* SectionDataList.swift */,
				FC33CC832375D4D300BC95D9 /* SectionData.swift */,
			);
			path = Section;
			sourceTree = "<group>";
		};
		FCEF825823769E31008705F9 /* Row */ = {
			isa = PBXGroup;
			children = (
				FC33CC852375D4E100BC95D9 /* RowData.swift */,
			);
			path = Row;
			sourceTree = "<group>";
		};
		FCEF825923769F08008705F9 /* View */ = {
			isa = PBXGroup;
			children = (
				FC33CC612375CE2600BC95D9 /* ViewController.swift */,
				FCEF824D2376930F008705F9 /* TodoCell.swift */,
				FCEF824E2376930F008705F9 /* TodoCell.xib */,
			);
			path = View;
			sourceTree = "<group>";
		};
		FCEF825A23769F25008705F9 /* Presenter */ = {
			isa = PBXGroup;
			children = (
				FC33CC7F2375D18300BC95D9 /* TodoListPresenter.swift */,
			);
			path = Presenter;
			sourceTree = "<group>";
		};
		FCEF825C23769F48008705F9 /* model */ = {
			isa = PBXGroup;
			children = (
				FCEF825123769415008705F9 /* TodoData.swift */,
			);
			path = model;
			sourceTree = "<group>";
		};
/* End PBXGroup section */

/* Begin PBXNativeTarget section */
		FC33CC592375CE2600BC95D9 /* TestApp */ = {
			isa = PBXNativeTarget;
			buildConfigurationList = FC33CC792375CE2900BC95D9 /* Build configuration list for PBXNativeTarget "TestApp" */;
			buildPhases = (
				FC33CC562375CE2600BC95D9 /* Sources */,
				FC33CC572375CE2600BC95D9 /* Frameworks */,
				FC33CC582375CE2600BC95D9 /* Resources */,
			);
			buildRules = (
			);
			dependencies = (
			);
			name = TestApp;
			productName = TestApp;
			productReference = FC33CC5A2375CE2600BC95D9 /* TestApp.app */;
			productType = "com.apple.product-type.application";
		};
		FC33CC6F2375CE2900BC95D9 /* TestAppTests */ = {
			isa = PBXNativeTarget;
			buildConfigurationList = FC33CC7C2375CE2900BC95D9 /* Build configuration list for PBXNativeTarget "TestAppTests" */;
			buildPhases = (
				FC33CC6C2375CE2900BC95D9 /* Sources */,
				FC33CC6D2375CE2900BC95D9 /* Frameworks */,
				FC33CC6E2375CE2900BC95D9 /* Resources */,
			);
			buildRules = (
			);
			dependencies = (
				FC33CC722375CE2900BC95D9 /* PBXTargetDependency */,
			);
			name = TestAppTests;
			productName = TestAppTests;
			productReference = FC33CC702375CE2900BC95D9 /* TestAppTests.xctest */;
			productType = "com.apple.product-type.bundle.unit-test";
		};
/* End PBXNativeTarget section */

/* Begin PBXProject section */
		FC33CC522375CE2600BC95D9 /* Project object */ = {
			isa = PBXProject;
			attributes = {
				LastSwiftUpdateCheck = 1120;
				LastUpgradeCheck = 1120;
				ORGANIZATIONNAME = com.gmail.tatsukimatsumo;
				TargetAttributes = {
					FC33CC592375CE2600BC95D9 = {
						CreatedOnToolsVersion = 11.2.1;
					};
					FC33CC6F2375CE2900BC95D9 = {
						CreatedOnToolsVersion = 11.2.1;
						TestTargetID = FC33CC592375CE2600BC95D9;
					};
				};
			};
			buildConfigurationList = FC33CC552375CE2600BC95D9 /* Build configuration list for PBXProject "TestApp" */;
			compatibilityVersion = "Xcode 9.3";
			developmentRegion = en;
			hasScannedForEncodings = 0;
			knownRegions = (
				en,
				Base,
			);
			mainGroup = FC33CC512375CE2600BC95D9;
			productRefGroup = FC33CC5B2375CE2600BC95D9 /* Products */;
			projectDirPath = "";
			projectRoot = "";
			targets = (
				FC33CC592375CE2600BC95D9 /* TestApp */,
				FC33CC6F2375CE2900BC95D9 /* TestAppTests */,
			);
		};
/* End PBXProject section */

/* Begin PBXResourcesBuildPhase section */
		FC33CC582375CE2600BC95D9 /* Resources */ = {
			isa = PBXResourcesBuildPhase;
			buildActionMask = 2147483647;
			files = (
				FC33CC6A2375CE2800BC95D9 /* LaunchScreen.storyboard in Resources */,
				FC33CC672375CE2800BC95D9 /* Assets.xcassets in Resources */,
				FC33CC652375CE2600BC95D9 /* Main.storyboard in Resources */,
				FCEF82502376930F008705F9 /* TodoCell.xib in Resources */,
			);
			runOnlyForDeploymentPostprocessing = 0;
		};
		FC33CC6E2375CE2900BC95D9 /* Resources */ = {
			isa = PBXResourcesBuildPhase;
			buildActionMask = 2147483647;
			files = (
			);
			runOnlyForDeploymentPostprocessing = 0;
		};
/* End PBXResourcesBuildPhase section */

/* Begin PBXSourcesBuildPhase section */
		FC33CC562375CE2600BC95D9 /* Sources */ = {
			isa = PBXSourcesBuildPhase;
			buildActionMask = 2147483647;
			files = (
				FCEF8254237695E7008705F9 /* CellContract.swift in Sources */,
				FC33CC802375D18300BC95D9 /* TodoListPresenter.swift in Sources */,
				FCEF825223769415008705F9 /* TodoData.swift in Sources */,
				FC33CC622375CE2600BC95D9 /* ViewController.swift in Sources */,
				FCEF824F2376930F008705F9 /* TodoCell.swift in Sources */,
				FCEF8256237699BF008705F9 /* SectionDataList.swift in Sources */,
				FC33CC5E2375CE2600BC95D9 /* AppDelegate.swift in Sources */,
				FC33CC602375CE2600BC95D9 /* SceneDelegate.swift in Sources */,
				FC33CC862375D4E100BC95D9 /* RowData.swift in Sources */,
				FC33CC842375D4D300BC95D9 /* SectionData.swift in Sources */,
			);
			runOnlyForDeploymentPostprocessing = 0;
		};
		FC33CC6C2375CE2900BC95D9 /* Sources */ = {
			isa = PBXSourcesBuildPhase;
			buildActionMask = 2147483647;
			files = (
				FC33CC752375CE2900BC95D9 /* TestAppTests.swift in Sources */,
			);
			runOnlyForDeploymentPostprocessing = 0;
		};
/* End PBXSourcesBuildPhase section */

/* Begin PBXTargetDependency section */
		FC33CC722375CE2900BC95D9 /* PBXTargetDependency */ = {
			isa = PBXTargetDependency;
			target = FC33CC592375CE2600BC95D9 /* TestApp */;
			targetProxy = FC33CC712375CE2900BC95D9 /* PBXContainerItemProxy */;
		};
/* End PBXTargetDependency section */

/* Begin PBXVariantGroup section */
		FC33CC632375CE2600BC95D9 /* Main.storyboard */ = {
			isa = PBXVariantGroup;
			children = (
				FC33CC642375CE2600BC95D9 /* Base */,
			);
			name = Main.storyboard;
			sourceTree = "<group>";
		};
		FC33CC682375CE2800BC95D9 /* LaunchScreen.storyboard */ = {
			isa = PBXVariantGroup;
			children = (
				FC33CC692375CE2800BC95D9 /* Base */,
			);
			name = LaunchScreen.storyboard;
			sourceTree = "<group>";
		};
/* End PBXVariantGroup section */

/* Begin XCBuildConfiguration section */
		FC33CC772375CE2900BC95D9 /* Debug */ = {
			isa = XCBuildConfiguration;
			buildSettings = {
				ALWAYS_SEARCH_USER_PATHS = NO;
				CLANG_ANALYZER_NONNULL = YES;
				CLANG_ANALYZER_NUMBER_OBJECT_CONVERSION = YES_AGGRESSIVE;
				CLANG_CXX_LANGUAGE_STANDARD = "gnu++14";
				CLANG_CXX_LIBRARY = "libc++";
				CLANG_ENABLE_MODULES = YES;
				CLANG_ENABLE_OBJC_ARC = YES;
				CLANG_ENABLE_OBJC_WEAK = YES;
				CLANG_WARN_BLOCK_CAPTURE_AUTORELEASING = YES;
				CLANG_WARN_BOOL_CONVERSION = YES;
				CLANG_WARN_COMMA = YES;
				CLANG_WARN_CONSTANT_CONVERSION = YES;
				CLANG_WARN_DEPRECATED_OBJC_IMPLEMENTATIONS = YES;
				CLANG_WARN_DIRECT_OBJC_ISA_USAGE = YES_ERROR;
				CLANG_WARN_DOCUMENTATION_COMMENTS = YES;
				CLANG_WARN_EMPTY_BODY = YES;
				CLANG_WARN_ENUM_CONVERSION = YES;
				CLANG_WARN_INFINITE_RECURSION = YES;
				CLANG_WARN_INT_CONVERSION = YES;
				CLANG_WARN_NON_LITERAL_NULL_CONVERSION = YES;
				CLANG_WARN_OBJC_IMPLICIT_RETAIN_SELF = YES;
				CLANG_WARN_OBJC_LITERAL_CONVERSION = YES;
				CLANG_WARN_OBJC_ROOT_CLASS = YES_ERROR;
				CLANG_WARN_RANGE_LOOP_ANALYSIS = YES;
				CLANG_WARN_STRICT_PROTOTYPES = YES;
				CLANG_WARN_SUSPICIOUS_MOVE = YES;
				CLANG_WARN_UNGUARDED_AVAILABILITY = YES_AGGRESSIVE;
				CLANG_WARN_UNREACHABLE_CODE = YES;
				CLANG_WARN__DUPLICATE_METHOD_MATCH = YES;
				COPY_PHASE_STRIP = NO;
				DEBUG_INFORMATION_FORMAT = dwarf;
				ENABLE_STRICT_OBJC_MSGSEND = YES;
				ENABLE_TESTABILITY = YES;
				GCC_C_LANGUAGE_STANDARD = gnu11;
				GCC_DYNAMIC_NO_PIC = NO;
				GCC_NO_COMMON_BLOCKS = YES;
				GCC_OPTIMIZATION_LEVEL = 0;
				GCC_PREPROCESSOR_DEFINITIONS = (
					"DEBUG=1",
					"$(inherited)",
				);
				GCC_WARN_64_TO_32_BIT_CONVERSION = YES;
				GCC_WARN_ABOUT_RETURN_TYPE = YES_ERROR;
				GCC_WARN_UNDECLARED_SELECTOR = YES;
				GCC_WARN_UNINITIALIZED_AUTOS = YES_AGGRESSIVE;
				GCC_WARN_UNUSED_FUNCTION = YES;
				GCC_WARN_UNUSED_VARIABLE = YES;
				IPHONEOS_DEPLOYMENT_TARGET = 13.2;
				MTL_ENABLE_DEBUG_INFO = INCLUDE_SOURCE;
				MTL_FAST_MATH = YES;
				ONLY_ACTIVE_ARCH = YES;
				SDKROOT = iphoneos;
				SWIFT_ACTIVE_COMPILATION_CONDITIONS = DEBUG;
				SWIFT_OPTIMIZATION_LEVEL = "-Onone";
			};
			name = Debug;
		};
		FC33CC782375CE2900BC95D9 /* Release */ = {
			isa = XCBuildConfiguration;
			buildSettings = {
				ALWAYS_SEARCH_USER_PATHS = NO;
				CLANG_ANALYZER_NONNULL = YES;
				CLANG_ANALYZER_NUMBER_OBJECT_CONVERSION = YES_AGGRESSIVE;
				CLANG_CXX_LANGUAGE_STANDARD = "gnu++14";
				CLANG_CXX_LIBRARY = "libc++";
				CLANG_ENABLE_MODULES = YES;
				CLANG_ENABLE_OBJC_ARC = YES;
				CLANG_ENABLE_OBJC_WEAK = YES;
				CLANG_WARN_BLOCK_CAPTURE_AUTORELEASING = YES;
				CLANG_WARN_BOOL_CONVERSION = YES;
				CLANG_WARN_COMMA = YES;
				CLANG_WARN_CONSTANT_CONVERSION = YES;
				CLANG_WARN_DEPRECATED_OBJC_IMPLEMENTATIONS = YES;
				CLANG_WARN_DIRECT_OBJC_ISA_USAGE = YES_ERROR;
				CLANG_WARN_DOCUMENTATION_COMMENTS = YES;
				CLANG_WARN_EMPTY_BODY = YES;
				CLANG_WARN_ENUM_CONVERSION = YES;
				CLANG_WARN_INFINITE_RECURSION = YES;
				CLANG_WARN_INT_CONVERSION = YES;
				CLANG_WARN_NON_LITERAL_NULL_CONVERSION = YES;
				CLANG_WARN_OBJC_IMPLICIT_RETAIN_SELF = YES;
				CLANG_WARN_OBJC_LITERAL_CONVERSION = YES;
				CLANG_WARN_OBJC_ROOT_CLASS = YES_ERROR;
				CLANG_WARN_RANGE_LOOP_ANALYSIS = YES;
				CLANG_WARN_STRICT_PROTOTYPES = YES;
				CLANG_WARN_SUSPICIOUS_MOVE = YES;
				CLANG_WARN_UNGUARDED_AVAILABILITY = YES_AGGRESSIVE;
				CLANG_WARN_UNREACHABLE_CODE = YES;
				CLANG_WARN__DUPLICATE_METHOD_MATCH = YES;
				COPY_PHASE_STRIP = NO;
				DEBUG_INFORMATION_FORMAT = "dwarf-with-dsym";
				ENABLE_NS_ASSERTIONS = NO;
				ENABLE_STRICT_OBJC_MSGSEND = YES;
				GCC_C_LANGUAGE_STANDARD = gnu11;
				GCC_NO_COMMON_BLOCKS = YES;
				GCC_WARN_64_TO_32_BIT_CONVERSION = YES;
				GCC_WARN_ABOUT_RETURN_TYPE = YES_ERROR;
				GCC_WARN_UNDECLARED_SELECTOR = YES;
				GCC_WARN_UNINITIALIZED_AUTOS = YES_AGGRESSIVE;
				GCC_WARN_UNUSED_FUNCTION = YES;
				GCC_WARN_UNUSED_VARIABLE = YES;
				IPHONEOS_DEPLOYMENT_TARGET = 13.2;
				MTL_ENABLE_DEBUG_INFO = NO;
				MTL_FAST_MATH = YES;
				SDKROOT = iphoneos;
				SWIFT_COMPILATION_MODE = wholemodule;
				SWIFT_OPTIMIZATION_LEVEL = "-O";
				VALIDATE_PRODUCT = YES;
			};
			name = Release;
		};
		FC33CC7A2375CE2900BC95D9 /* Debug */ = {
			isa = XCBuildConfiguration;
			buildSettings = {
				ASSETCATALOG_COMPILER_APPICON_NAME = AppIcon;
				CODE_SIGN_STYLE = Automatic;
				INFOPLIST_FILE = TestApp/Info.plist;
				LD_RUNPATH_SEARCH_PATHS = (
					"$(inherited)",
					"@executable_path/Frameworks",
				);
				PRODUCT_BUNDLE_IDENTIFIER = com.gmail.tatsukimatsumo.TestApp;
				PRODUCT_NAME = "$(TARGET_NAME)";
				SWIFT_VERSION = 5.0;
				TARGETED_DEVICE_FAMILY = "1,2";
			};
			name = Debug;
		};
		FC33CC7B2375CE2900BC95D9 /* Release */ = {
			isa = XCBuildConfiguration;
			buildSettings = {
				ASSETCATALOG_COMPILER_APPICON_NAME = AppIcon;
				CODE_SIGN_STYLE = Automatic;
				INFOPLIST_FILE = TestApp/Info.plist;
				LD_RUNPATH_SEARCH_PATHS = (
					"$(inherited)",
					"@executable_path/Frameworks",
				);
				PRODUCT_BUNDLE_IDENTIFIER = com.gmail.tatsukimatsumo.TestApp;
				PRODUCT_NAME = "$(TARGET_NAME)";
				SWIFT_VERSION = 5.0;
				TARGETED_DEVICE_FAMILY = "1,2";
			};
			name = Release;
		};
		FC33CC7D2375CE2900BC95D9 /* Debug */ = {
			isa = XCBuildConfiguration;
			buildSettings = {
				ALWAYS_EMBED_SWIFT_STANDARD_LIBRARIES = YES;
				BUNDLE_LOADER = "$(TEST_HOST)";
				CODE_SIGN_STYLE = Automatic;
				INFOPLIST_FILE = TestAppTests/Info.plist;
				IPHONEOS_DEPLOYMENT_TARGET = 13.2;
				LD_RUNPATH_SEARCH_PATHS = (
					"$(inherited)",
					"@executable_path/Frameworks",
					"@loader_path/Frameworks",
				);
				PRODUCT_BUNDLE_IDENTIFIER = com.gmail.tatsukimatsumo.TestAppTests;
				PRODUCT_NAME = "$(TARGET_NAME)";
				SWIFT_VERSION = 5.0;
				TARGETED_DEVICE_FAMILY = "1,2";
				TEST_HOST = "$(BUILT_PRODUCTS_DIR)/TestApp.app/TestApp";
			};
			name = Debug;
		};
		FC33CC7E2375CE2900BC95D9 /* Release */ = {
			isa = XCBuildConfiguration;
			buildSettings = {
				ALWAYS_EMBED_SWIFT_STANDARD_LIBRARIES = YES;
				BUNDLE_LOADER = "$(TEST_HOST)";
				CODE_SIGN_STYLE = Automatic;
				INFOPLIST_FILE = TestAppTests/Info.plist;
				IPHONEOS_DEPLOYMENT_TARGET = 13.2;
				LD_RUNPATH_SEARCH_PATHS = (
					"$(inherited)",
					"@executable_path/Frameworks",
					"@loader_path/Frameworks",
				);
				PRODUCT_BUNDLE_IDENTIFIER = com.gmail.tatsukimatsumo.TestAppTests;
				PRODUCT_NAME = "$(TARGET_NAME)";
				SWIFT_VERSION = 5.0;
				TARGETED_DEVICE_FAMILY = "1,2";
				TEST_HOST = "$(BUILT_PRODUCTS_DIR)/TestApp.app/TestApp";
			};
			name = Release;
		};
/* End XCBuildConfiguration section */

/* Begin XCConfigurationList section */
		FC33CC552375CE2600BC95D9 /* Build configuration list for PBXProject "TestApp" */ = {
			isa = XCConfigurationList;
			buildConfigurations = (
				FC33CC772375CE2900BC95D9 /* Debug */,
				FC33CC782375CE2900BC95D9 /* Release */,
			);
			defaultConfigurationIsVisible = 0;
			defaultConfigurationName = Release;
		};
		FC33CC792375CE2900BC95D9 /* Build configuration list for PBXNativeTarget "TestApp" */ = {
			isa = XCConfigurationList;
			buildConfigurations = (
				FC33CC7A2375CE2900BC95D9 /* Debug */,
				FC33CC7B2375CE2900BC95D9 /* Release */,
			);
			defaultConfigurationIsVisible = 0;
			defaultConfigurationName = Release;
		};
		FC33CC7C2375CE2900BC95D9 /* Build configuration list for PBXNativeTarget "TestAppTests" */ = {
			isa = XCConfigurationList;
			buildConfigurations = (
				FC33CC7D2375CE2900BC95D9 /* Debug */,
				FC33CC7E2375CE2900BC95D9 /* Release */,
			);
			defaultConfigurationIsVisible = 0;
			defaultConfigurationName = Release;
		};
/* End XCConfigurationList section */
	};
	rootObject = FC33CC522375CE2600BC95D9 /* Project object */;
}
